{
  "name": "primerospasospoo",
  "version": "1.0.0",
  "lockfileVersion": 2,
  "requires": true,
  "packages": {
    "": {
      "name": "primerospasospoo",
      "version": "1.0.0",
      "license": "ISC",
      "dependencies": {
        "array-sum": "^1.0.0",
        "count-words-array": "^1.0.13",
        "readline-sync": "^1.4.10"
      },
      "devDependencies": {
        "@types/node": "^18.14.6"
      }
    },
    "node_modules/@types/node": {
      "version": "18.14.6",
      "resolved": "https://registry.npmjs.org/@types/node/-/node-18.14.6.tgz",
      "integrity": "sha512-93+VvleD3mXwlLI/xASjw0FzKcwzl3OdTCzm1LaRfqgS21gfFtK3zDXM5Op9TeeMsJVOaJ2VRDpT9q4Y3d0AvA==",
      "dev": true
    },
    "node_modules/array-sum": {
      "version": "1.0.0",
      "resolved": "https://registry.npmjs.org/array-sum/-/array-sum-1.0.0.tgz",
      "integrity": "sha512-cz28As4o2cnmylOsTOaqk7A7KYwgNfBKdfY0wZPQIxBx5U6ggulD5QTjxC20+eRdQHc9sfo7wfdPtbjtq+VGAw==",
      "dependencies": {
        "is-number": "^0.1.1"
      },
      "engines": {
        "node": ">=0.10.0"
      }
    },
    "node_modules/count-words": {
      "version": "1.0.13",
      "resolved": "https://registry.npmjs.org/count-words/-/count-words-1.0.13.tgz",
      "integrity": "sha512-udGVdXlyQAVcWXozUMSZ4GAbEpxHqvMVBeDDEYUuaDwCyz72XugSn3it1tWu/4pv+kY8PnC0OwzsZI3tCijuVQ==",
      "dependencies": {
        "set-or-get": "^1.2.0",
        "worder": "^1.0.0"
      }
    },
    "node_modules/count-words-array": {
      "version": "1.0.13",
      "resolved": "https://registry.npmjs.org/count-words-array/-/count-words-array-1.0.13.tgz",
      "integrity": "sha512-JuKzjvlvfUkFFsxnn8Wos+mlAYYhtInG2yDdtV3gtnDn67k0GmDX4VT6DwX/ovAaSYg3ByDIGN8t38/HeA3feg==",
      "dependencies": {
        "count-words": "^1.0.0"
      }
    },
    "node_modules/deffy": {
      "version": "2.2.4",
      "resolved": "https://registry.npmjs.org/deffy/-/deffy-2.2.4.tgz",
      "integrity": "sha512-pLc9lsbsWjr6RxmJ2OLyvm+9l4j1yK69h+TML/gUit/t3vTijpkNGh8LioaJYTGO7F25m6HZndADcUOo2PsiUg==",
      "dependencies": {
        "typpy": "^2.0.0"
      }
    },
    "node_modules/function.name": {
      "version": "1.0.13",
      "resolved": "https://registry.npmjs.org/function.name/-/function.name-1.0.13.tgz",
      "integrity": "sha512-mVrqdoy5npWZyoXl4DxCeuVF6delDcQjVS9aPdvLYlBxtMTZDR2B5GVEQEoM1jJyspCqg3C0v4ABkLE7tp9xFA==",
      "dependencies": {
        "noop6": "^1.0.1"
      }
    },
    "node_modules/is-number": {
      "version": "0.1.1",
      "resolved": "https://registry.npmjs.org/is-number/-/is-number-0.1.1.tgz",
      "integrity": "sha512-la5kPULwIgkSSaZj9w7/A1uHqOBAgOhDUKQ5CkfL8LZ4Si6r4+2D0hI6b4o60MW4Uj2yNJARWIZUDPxlvOYQcw==",
      "engines": {
        "node": ">=0.10.0"
      }
    },
    "node_modules/noop6": {
      "version": "1.0.9",
      "resolved": "https://registry.npmjs.org/noop6/-/noop6-1.0.9.tgz",
      "integrity": "sha512-DB3Hwyd89dPr5HqEPg3YHjzvwh/mCqizC1zZ8vyofqc+TQRyPDnT4wgXXbLGF4z9YAzwwTLi8pNLhGqcbSjgkA=="
    },
    "node_modules/readline-sync": {
      "version": "1.4.10",
      "resolved": "https://registry.npmjs.org/readline-sync/-/readline-sync-1.4.10.tgz",
      "integrity": "sha512-gNva8/6UAe8QYepIQH/jQ2qn91Qj0B9sYjMBBs3QOB8F2CXcKgLxQaJRP76sWVRQt+QU+8fAkCbCvjjMFu7Ycw==",
      "engines": {
        "node": ">= 0.8.0"
      }
    },
    "node_modules/set-or-get": {
      "version": "1.2.11",
      "resolved": "https://registry.npmjs.org/set-or-get/-/set-or-get-1.2.11.tgz",
      "integrity": "sha512-CrJL6W4xE76UlRVfpKqp3HqSAZ2CV3Mi7UHYmi8yGeajwOAoc/YpJy+8Fvvtm4eJiPb0PoilKI84KAQoo8TZYQ==",
      "dependencies": {
        "deffy": "^2.0.0"
      }
    },
    "node_modules/typpy": {
      "version": "2.3.13",
      "resolved": "https://registry.npmjs.org/typpy/-/typpy-2.3.13.tgz",
      "integrity": "sha512-vOxIcQz9sxHi+rT09SJ5aDgVgrPppQjwnnayTrMye1ODaU8gIZTDM19t9TxmEElbMihx2Nq/0/b/MtyKfayRqA==",
      "dependencies": {
        "function.name": "^1.0.3"
      }
    },
    "node_modules/worder": {
      "version": "1.1.1",
      "resolved": "https://registry.npmjs.org/worder/-/worder-1.1.1.tgz",
      "integrity": "sha512-wul/ncEBQk01Dc8gqHsNkMeV7YvahUSRuXm60g+pbezuWskPy/CQZtAxmi6j+GWzTCQYjW8EvbVilpIBbm4gvA=="
    }
  },
  "dependencies": {
    "@types/node": {
      "version": "18.14.6",
      "resolved": "https://registry.npmjs.org/@types/node/-/node-18.14.6.tgz",
      "integrity": "sha512-93+VvleD3mXwlLI/xASjw0FzKcwzl3OdTCzm1LaRfqgS21gfFtK3zDXM5Op9TeeMsJVOaJ2VRDpT9q4Y3d0AvA==",
      "dev": true
    },
    "array-sum": {
      "version": "1.0.0",
      "resolved": "https://registry.npmjs.org/array-sum/-/array-sum-1.0.0.tgz",
      "integrity": "sha512-cz28As4o2cnmylOsTOaqk7A7KYwgNfBKdfY0wZPQIxBx5U6ggulD5QTjxC20+eRdQHc9sfo7wfdPtbjtq+VGAw==",
      "requires": {
        "is-number": "^0.1.1"
      }
    },
    "count-words": {
      "version": "1.0.13",
      "resolved": "https://registry.npmjs.org/count-words/-/count-words-1.0.13.tgz",
      "integrity": "sha512-udGVdXlyQAVcWXozUMSZ4GAbEpxHqvMVBeDDEYUuaDwCyz72XugSn3it1tWu/4pv+kY8PnC0OwzsZI3tCijuVQ==",
      "requires": {
        "set-or-get": "^1.2.0",
        "worder": "^1.0.0"
      }
    },
    "count-words-array": {
      "version": "1.0.13",
      "resolved": "https://registry.npmjs.org/count-words-array/-/count-words-array-1.0.13.tgz",
      "integrity": "sha512-JuKzjvlvfUkFFsxnn8Wos+mlAYYhtInG2yDdtV3gtnDn67k0GmDX4VT6DwX/ovAaSYg3ByDIGN8t38/HeA3feg==",
      "requires": {
        "count-words": "^1.0.0"
      }
    },
    "deffy": {
      "version": "2.2.4",
      "resolved": "https://registry.npmjs.org/deffy/-/deffy-2.2.4.tgz",
      "integrity": "sha512-pLc9lsbsWjr6RxmJ2OLyvm+9l4j1yK69h+TML/gUit/t3vTijpkNGh8LioaJYTGO7F25m6HZndADcUOo2PsiUg==",
      "requires": {
        "typpy": "^2.0.0"
      }
    },
    "function.name": {
      "version": "1.0.13",
      "resolved": "https://registry.npmjs.org/function.name/-/function.name-1.0.13.tgz",
      "integrity": "sha512-mVrqdoy5npWZyoXl4DxCeuVF6delDcQjVS9aPdvLYlBxtMTZDR2B5GVEQEoM1jJyspCqg3C0v4ABkLE7tp9xFA==",
      "requires": {
        "noop6": "^1.0.1"
      }
    },
    "is-number": {
      "version": "0.1.1",
      "resolved": "https://registry.npmjs.org/is-number/-/is-number-0.1.1.tgz",
      "integrity": "sha512-la5kPULwIgkSSaZj9w7/A1uHqOBAgOhDUKQ5CkfL8LZ4Si6r4+2D0hI6b4o60MW4Uj2yNJARWIZUDPxlvOYQcw=="
    },
    "noop6": {
      "version": "1.0.9",
      "resolved": "https://registry.npmjs.org/noop6/-/noop6-1.0.9.tgz",
      "integrity": "sha512-DB3Hwyd89dPr5HqEPg3YHjzvwh/mCqizC1zZ8vyofqc+TQRyPDnT4wgXXbLGF4z9YAzwwTLi8pNLhGqcbSjgkA=="
    },
    "readline-sync": {
      "version": "1.4.10",
      "resolved": "https://registry.npmjs.org/readline-sync/-/readline-sync-1.4.10.tgz",
      "integrity": "sha512-gNva8/6UAe8QYepIQH/jQ2qn91Qj0B9sYjMBBs3QOB8F2CXcKgLxQaJRP76sWVRQt+QU+8fAkCbCvjjMFu7Ycw=="
    },
    "set-or-get": {
      "version": "1.2.11",
      "resolved": "https://registry.npmjs.org/set-or-get/-/set-or-get-1.2.11.tgz",
      "integrity": "sha512-CrJL6W4xE76UlRVfpKqp3HqSAZ2CV3Mi7UHYmi8yGeajwOAoc/YpJy+8Fvvtm4eJiPb0PoilKI84KAQoo8TZYQ==",
      "requires": {
        "deffy": "^2.0.0"
      }
    },
    "typpy": {
      "version": "2.3.13",
      "resolved": "https://registry.npmjs.org/typpy/-/typpy-2.3.13.tgz",
      "integrity": "sha512-vOxIcQz9sxHi+rT09SJ5aDgVgrPppQjwnnayTrMye1ODaU8gIZTDM19t9TxmEElbMihx2Nq/0/b/MtyKfayRqA==",
      "requires": {
        "function.name": "^1.0.3"
      }
    },
    "worder": {
      "version": "1.1.1",
      "resolved": "https://registry.npmjs.org/worder/-/worder-1.1.1.tgz",
      "integrity": "sha512-wul/ncEBQk01Dc8gqHsNkMeV7YvahUSRuXm60g+pbezuWskPy/CQZtAxmi6j+GWzTCQYjW8EvbVilpIBbm4gvA=="
    }
  }
}
